
Microsoft Visual Studio Solution File, Format Version 12.00
# Visual Studio Version 16
VisualStudioVersion = 16.0.30011.22
MinimumVisualStudioVersion = 10.0.40219.1
Project("{FAE04EC0-301F-11D3-BF4B-00C04F79EFBC}") = "2_Calc", "2_Calc\2_Calc.csproj", "{09ADC360-3BA5-43BF-821C-6736950569B8}"
EndProject
Global
	GlobalSection(SolutionConfigurationPlatforms) = preSolution
		Debug|Any CPU = Debug|Any CPU
		Release|Any CPU = Release|Any CPU
	EndGlobalSection
	GlobalSection(ProjectConfigurationPlatforms) = postSolution
		{09ADC360-3BA5-43BF-821C-6736950569B8}.Debug|Any CPU.ActiveCfg = Debug|Any CPU
		{09ADC360-3BA5-43BF-821C-6736950569B8}.Debug|Any CPU.Build.0 = Debug|Any CPU
		{09ADC360-3BA5-43BF-821C-6736950569B8}.Release|Any CPU.ActiveCfg = Release|Any CPU
		{09ADC360-3BA5-43BF-821C-6736950569B8}.Release|Any CPU.Build.0 = Release|Any CPU
	EndGlobalSection
	GlobalSection(SolutionProperties) = preSolution
		HideSolutionNode = FALSE
	EndGlobalSection
	GlobalSection(ExtensibilityGlobals) = postSolution
		SolutionGuid = {5839E50E-A7DD-4334-89F3-17E52B2C617C}
	EndGlobalSection
EndGlobal
